<?xml version="1.0" encoding="utf-8"?>
<Project xmlns="http://schemas.microsoft.com/developer/msbuild/2003">
  <ItemGroup>
    <Filter Include="Generated Files">
      <UniqueIdentifier>{71ED8ED8-ACB9-4CE9-BBE1-E00B30144E11}</UniqueIdentifier>
      <Extensions>cpp;c;cxx;moc;h;def;odl;idl;res;</Extensions>
    </Filter>
    <Filter Include="Generated Files">
      <UniqueIdentifier>{71ED8ED8-ACB9-4CE9-BBE1-E00B30144E11}</UniqueIdentifier>
      <Extensions>cpp;c;cxx;moc;h;def;odl;idl;res;</Extensions>
    </Filter>
    <Filter Include="Header Files">
      <UniqueIdentifier>{93995380-89BD-4b04-88EB-625FBE52EBFB}</UniqueIdentifier>
      <Extensions>h;hpp;hxx;hm;inl;inc;xsd</Extensions>
    </Filter>
    <Filter Include="Header Files">
      <UniqueIdentifier>{93995380-89BD-4b04-88EB-625FBE52EBFB}</UniqueIdentifier>
      <Extensions>h;hpp;hxx;hm;inl;inc;xsd</Extensions>
    </Filter>
    <Filter Include="Source Files">
      <UniqueIdentifier>{4FC737F1-C7A5-4376-A066-2A32D752A2FF}</UniqueIdentifier>
      <Extensions>cpp;c;cxx;def;odl;idl;hpj;bat;asm;asmx</Extensions>
    </Filter>
    <Filter Include="Source Files">
      <UniqueIdentifier>{4FC737F1-C7A5-4376-A066-2A32D752A2FF}</UniqueIdentifier>
      <Extensions>cpp;c;cxx;def;odl;idl;hpj;bat;asm;asmx</Extensions>
    </Filter>
  </ItemGroup>
  <ItemGroup>
    <ClCompile Include="Def.cpp">
      <Filter>Source Files</Filter>
    </ClCompile>
    <ClCompile Include="FluApp.cpp">
      <Filter>Source Files</Filter>
    </ClCompile>
    <ClCompile Include="FluColorSet.cpp">
      <Filter>Source Files</Filter>
    </ClCompile>
    <ClCompile Include="FluColors.cpp">
      <Filter>Source Files</Filter>
    </ClCompile>
    <ClCompile Include="FluRegister.cpp">
      <Filter>Source Files</Filter>
    </ClCompile>
    <ClCompile Include="FluTextStyle.cpp">
      <Filter>Source Files</Filter>
    </ClCompile>
    <ClCompile Include="FluTheme.cpp">
      <Filter>Source Files</Filter>
    </ClCompile>
    <ClCompile Include="FluTools.cpp">
      <Filter>Source Files</Filter>
    </ClCompile>
    <ClCompile Include="WindowHelper.cpp">
      <Filter>Source Files</Filter>
    </ClCompile>
    <ClCompile Include="fluentuiplugin.cpp">
      <Filter>Source Files</Filter>
    </ClCompile>
  </ItemGroup>
  <ItemGroup>
    <CustomBuild Include="Def.h">
      <Filter>Header Files</Filter>
    </CustomBuild>
    <CustomBuild Include="FluApp.h">
      <Filter>Header Files</Filter>
    </CustomBuild>
    <CustomBuild Include="FluColorSet.h">
      <Filter>Header Files</Filter>
    </CustomBuild>
    <CustomBuild Include="FluColors.h">
      <Filter>Header Files</Filter>
    </CustomBuild>
    <CustomBuild Include="FluRegister.h">
      <Filter>Header Files</Filter>
    </CustomBuild>
    <CustomBuild Include="FluTextStyle.h">
      <Filter>Header Files</Filter>
    </CustomBuild>
    <CustomBuild Include="FluTheme.h">
      <Filter>Header Files</Filter>
    </CustomBuild>
    <CustomBuild Include="FluTools.h">
      <Filter>Header Files</Filter>
    </CustomBuild>
    <CustomBuild Include="WindowHelper.h">
      <Filter>Header Files</Filter>
    </CustomBuild>
    <CustomBuild Include="fluentuiplugin.h">
      <Filter>Header Files</Filter>
    </CustomBuild>
    <ClInclude Include="stdafx.h">
      <Filter>Header Files</Filter>
    </ClInclude>
  </ItemGroup>
  <ItemGroup>
    <ClCompile Include="$(SolutionDir)\generated\$(ProjectName)\moc\debug\moc_Def.cpp">
      <Filter>Generated Files</Filter>
    </ClCompile>
    <ClCompile Include="$(SolutionDir)\generated\$(ProjectName)\moc\release\moc_Def.cpp">
      <Filter>Generated Files</Filter>
    </ClCompile>
    <ClCompile Include="$(SolutionDir)\generated\$(ProjectName)\moc\debug\moc_FluApp.cpp">
      <Filter>Generated Files</Filter>
    </ClCompile>
    <ClCompile Include="$(SolutionDir)\generated\$(ProjectName)\moc\release\moc_FluApp.cpp">
      <Filter>Generated Files</Filter>
    </ClCompile>
    <ClCompile Include="$(SolutionDir)\generated\$(ProjectName)\moc\debug\moc_FluColorSet.cpp">
      <Filter>Generated Files</Filter>
    </ClCompile>
    <ClCompile Include="$(SolutionDir)\generated\$(ProjectName)\moc\release\moc_FluColorSet.cpp">
      <Filter>Generated Files</Filter>
    </ClCompile>
    <ClCompile Include="$(SolutionDir)\generated\$(ProjectName)\moc\debug\moc_FluColors.cpp">
      <Filter>Generated Files</Filter>
    </ClCompile>
    <ClCompile Include="$(SolutionDir)\generated\$(ProjectName)\moc\release\moc_FluColors.cpp">
      <Filter>Generated Files</Filter>
    </ClCompile>
    <ClCompile Include="$(SolutionDir)\generated\$(ProjectName)\moc\debug\moc_FluRegister.cpp">
      <Filter>Generated Files</Filter>
    </ClCompile>
    <ClCompile Include="$(SolutionDir)\generated\$(ProjectName)\moc\release\moc_FluRegister.cpp">
      <Filter>Generated Files</Filter>
    </ClCompile>
    <ClCompile Include="$(SolutionDir)\generated\$(ProjectName)\moc\debug\moc_FluTextStyle.cpp">
      <Filter>Generated Files</Filter>
    </ClCompile>
    <ClCompile Include="$(SolutionDir)\generated\$(ProjectName)\moc\release\moc_FluTextStyle.cpp">
      <Filter>Generated Files</Filter>
    </ClCompile>
    <ClCompile Include="$(SolutionDir)\generated\$(ProjectName)\moc\debug\moc_FluTheme.cpp">
      <Filter>Generated Files</Filter>
    </ClCompile>
    <ClCompile Include="$(SolutionDir)\generated\$(ProjectName)\moc\release\moc_FluTheme.cpp">
      <Filter>Generated Files</Filter>
    </ClCompile>
    <ClCompile Include="$(SolutionDir)\generated\$(ProjectName)\moc\debug\moc_FluTools.cpp">
      <Filter>Generated Files</Filter>
    </ClCompile>
    <ClCompile Include="$(SolutionDir)\generated\$(ProjectName)\moc\release\moc_FluTools.cpp">
      <Filter>Generated Files</Filter>
    </ClCompile>
    <ClCompile Include="$(SolutionDir)\generated\$(ProjectName)\moc\debug\moc_WindowHelper.cpp">
      <Filter>Generated Files</Filter>
    </ClCompile>
    <ClCompile Include="$(SolutionDir)\generated\$(ProjectName)\moc\release\moc_WindowHelper.cpp">
      <Filter>Generated Files</Filter>
    </ClCompile>
    <ClCompile Include="$(SolutionDir)\generated\$(ProjectName)\moc\debug\moc_fluentuiplugin.cpp">
      <Filter>Generated Files</Filter>
    </ClCompile>
    <ClCompile Include="$(SolutionDir)\generated\$(ProjectName)\moc\release\moc_fluentuiplugin.cpp">
      <Filter>Generated Files</Filter>
    </ClCompile>
    <CustomBuild Include="moc_debug_predefs.h.cbt">
      <Filter>Generated Files</Filter>
    </CustomBuild>
    <CustomBuild Include="moc_release_predefs.h.cbt">
      <Filter>Generated Files</Filter>
    </CustomBuild>
  </ItemGroup>
  <ItemGroup>
    <ResourceCompile Include="fluentui.rc" />
  </ItemGroup>
</Project>